
Microsoft Visual Studio Solution File, Format Version 12.00
# Visual Studio Version 17
VisualStudioVersion = 17.14.36119.2 d17.14
MinimumVisualStudioVersion = 10.0.40219.1
Project("{FAE04EC0-301F-11D3-BF4B-00C04F79EFBC}") = "Pac-Man", "Pac-Man\Pac-Man.csproj", "{5B6F784B-3156-4B89-9E18-24F59D69471F}"
EndProject
Global
	GlobalSection(SolutionConfigurationPlatforms) = preSolution
		Debug|Any CPU = Debug|Any CPU
		Release|Any CPU = Release|Any CPU
	EndGlobalSection
	GlobalSection(ProjectConfigurationPlatforms) = postSolution
		{5B6F784B-3156-4B89-9E18-24F59D69471F}.Debug|Any CPU.ActiveCfg = Debug|Any CPU
		{5B6F784B-3156-4B89-9E18-24F59D69471F}.Debug|Any CPU.Build.0 = Debug|Any CPU
		{5B6F784B-3156-4B89-9E18-24F59D69471F}.Release|Any CPU.ActiveCfg = Release|Any CPU
		{5B6F784B-3156-4B89-9E18-24F59D69471F}.Release|Any CPU.Build.0 = Release|Any CPU
	EndGlobalSection
	GlobalSection(SolutionProperties) = preSolution
		HideSolutionNode = FALSE
	EndGlobalSection
	GlobalSection(ExtensibilityGlobals) = postSolution
		SolutionGuid = {4041BB00-A8A1-411C-811C-B378E16B1BDA}
	EndGlobalSection
EndGlobal
